// !$*UTF8*$!
{
	archiveVersion = 1;
	classes = {
	};
	objectVersion = 56;
	objects = {

/* Begin PBXBuildFile section */
		B171FCCD298700DA00AD54B7 /* Github_ExerciseApp.swift in Sources */ = {isa = PBXBuildFile; fileRef = B171FCCC298700DA00AD54B7 /* Github_ExerciseApp.swift */; };
		B171FCCF298700DA00AD54B7 /* ContentView.swift in Sources */ = {isa = PBXBuildFile; fileRef = B171FCCE298700DA00AD54B7 /* ContentView.swift */; };
		B171FCD1298700DD00AD54B7 /* Assets.xcassets in Resources */ = {isa = PBXBuildFile; fileRef = B171FCD0298700DD00AD54B7 /* Assets.xcassets */; };
		B171FCD4298700DD00AD54B7 /* Preview Assets.xcassets in Resources */ = {isa = PBXBuildFile; fileRef = B171FCD3298700DD00AD54B7 /* Preview Assets.xcassets */; };
		B171FCDE298700DD00AD54B7 /* Github_ExerciseTests.swift in Sources */ = {isa = PBXBuildFile; fileRef = B171FCDD298700DD00AD54B7 /* Github_ExerciseTests.swift */; };
		B171FCE8298700DD00AD54B7 /* Github_ExerciseUITests.swift in Sources */ = {isa = PBXBuildFile; fileRef = B171FCE7298700DD00AD54B7 /* Github_ExerciseUITests.swift */; };
		B171FCEA298700DD00AD54B7 /* Github_ExerciseUITestsLaunchTests.swift in Sources */ = {isa = PBXBuildFile; fileRef = B171FCE9298700DD00AD54B7 /* Github_ExerciseUITestsLaunchTests.swift */; };
/* End PBXBuildFile section */

/* Begin PBXContainerItemProxy section */
		B171FCDA298700DD00AD54B7 /* PBXContainerItemProxy */ = {
			isa = PBXContainerItemProxy;
			containerPortal = B171FCC1298700DA00AD54B7 /* Project object */;
			proxyType = 1;
			remoteGlobalIDString = B171FCC8298700DA00AD54B7;
			remoteInfo = Github_Exercise;
		};
		B171FCE4298700DD00AD54B7 /* PBXContainerItemProxy */ = {
			isa = PBXContainerItemProxy;
			containerPortal = B171FCC1298700DA00AD54B7 /* Project object */;
			proxyType = 1;
			remoteGlobalIDString = B171FCC8298700DA00AD54B7;
			remoteInfo = Github_Exercise;
		};
/* End PBXContainerItemProxy section */

/* Begin PBXFileReference section */
		B171FCC9298700DA00AD54B7 /* Github_Exercise.app */ = {isa = PBXFileReference; explicitFileType = wrapper.application; includeInIndex = 0; path = Github_Exercise.app; sourceTree = BUILT_PRODUCTS_DIR; };
		B171FCCC298700DA00AD54B7 /* Github_ExerciseApp.swift */ = {isa = PBXFileReference; lastKnownFileType = sourcecode.swift; path = Github_ExerciseApp.swift; sourceTree = "<group>"; };
		B171FCCE298700DA00AD54B7 /* ContentView.swift */ = {isa = PBXFileReference; lastKnownFileType = sourcecode.swift; path = ContentView.swift; sourceTree = "<group>"; };
		B171FCD0298700DD00AD54B7 /* Assets.xcassets */ = {isa = PBXFileReference; lastKnownFileType = folder.assetcatalog; path = Assets.xcassets; sourceTree = "<group>"; };
		B171FCD3298700DD00AD54B7 /* Preview Assets.xcassets */ = {isa = PBXFileReference; lastKnownFileType = folder.assetcatalog; path = "Preview Assets.xcassets"; sourceTree = "<group>"; };
		B171FCD9298700DD00AD54B7 /* Github_ExerciseTests.xctest */ = {isa = PBXFileReference; explicitFileType = wrapper.cfbundle; includeInIndex = 0; path = Github_ExerciseTests.xctest; sourceTree = BUILT_PRODUCTS_DIR; };
		B171FCDD298700DD00AD54B7 /* Github_ExerciseTests.swift */ = {isa = PBXFileReference; lastKnownFileType = sourcecode.swift; path = Github_ExerciseTests.swift; sourceTree = "<group>"; };
		B171FCE3298700DD00AD54B7 /* Github_ExerciseUITests.xctest */ = {isa = PBXFileReference; explicitFileType = wrapper.cfbundle; includeInIndex = 0; path = Github_ExerciseUITests.xctest; sourceTree = BUILT_PRODUCTS_DIR; };
		B171FCE7298700DD00AD54B7 /* Github_ExerciseUITests.swift */ = {isa = PBXFileReference; lastKnownFileType = sourcecode.swift; path = Github_ExerciseUITests.swift; sourceTree = "<group>"; };
		B171FCE9298700DD00AD54B7 /* Github_ExerciseUITestsLaunchTests.swift */ = {isa = PBXFileReference; lastKnownFileType = sourcecode.swift; path = Github_ExerciseUITestsLaunchTests.swift; sourceTree = "<group>"; };
/* End PBXFileReference section */

/* Begin PBXFrameworksBuildPhase section */
		B171FCC6298700DA00AD54B7 /* Frameworks */ = {
			isa = PBXFrameworksBuildPhase;
			buildActionMask = 2147483647;
			files = (
			);
			runOnlyForDeploymentPostprocessing = 0;
		};
		B171FCD6298700DD00AD54B7 /* Frameworks */ = {
			isa = PBXFrameworksBuildPhase;
			buildActionMask = 2147483647;
			files = (
			);
			runOnlyForDeploymentPostprocessing = 0;
		};
		B171FCE0298700DD00AD54B7 /* Frameworks */ = {
			isa = PBXFrameworksBuildPhase;
			buildActionMask = 2147483647;
			files = (
			);
			runOnlyForDeploymentPostprocessing = 0;
		};
/* End PBXFrameworksBuildPhase section */

/* Begin PBXGroup section */
		B171FCC0298700DA00AD54B7 = {
			isa = PBXGroup;
			children = (
				B171FCCB298700DA00AD54B7 /* Github_Exercise */,
				B171FCDC298700DD00AD54B7 /* Github_ExerciseTests */,
				B171FCE6298700DD00AD54B7 /* Github_ExerciseUITests */,
				B171FCCA298700DA00AD54B7 /* Products */,
			);
			sourceTree = "<group>";
		};
		B171FCCA298700DA00AD54B7 /* Products */ = {
			isa = PBXGroup;
			children = (
				B171FCC9298700DA00AD54B7 /* Github_Exercise.app */,
				B171FCD9298700DD00AD54B7 /* Github_ExerciseTests.xctest */,
				B171FCE3298700DD00AD54B7 /* Github_ExerciseUITests.xctest */,
			);
			name = Products;
			sourceTree = "<group>";
		};
		B171FCCB298700DA00AD54B7 /* Github_Exercise */ = {
			isa = PBXGroup;
			children = (
				B171FCCC298700DA00AD54B7 /* Github_ExerciseApp.swift */,
				B171FCCE298700DA00AD54B7 /* ContentView.swift */,
				B171FCD0298700DD00AD54B7 /* Assets.xcassets */,
				B171FCD2298700DD00AD54B7 /* Preview Content */,
			);
			path = Github_Exercise;
			sourceTree = "<group>";
		};
		B171FCD2298700DD00AD54B7 /* Preview Content */ = {
			isa = PBXGroup;
			children = (
				B171FCD3298700DD00AD54B7 /* Preview Assets.xcassets */,
			);
			path = "Preview Content";
			sourceTree = "<group>";
		};
		B171FCDC298700DD00AD54B7 /* Github_ExerciseTests */ = {
			isa = PBXGroup;
			children = (
				B171FCDD298700DD00AD54B7 /* Github_ExerciseTests.swift */,
			);
			path = Github_ExerciseTests;
			sourceTree = "<group>";
		};
		B171FCE6298700DD00AD54B7 /* Github_ExerciseUITests */ = {
			isa = PBXGroup;
			children = (
				B171FCE7298700DD00AD54B7 /* Github_ExerciseUITests.swift */,
				B171FCE9298700DD00AD54B7 /* Github_ExerciseUITestsLaunchTests.swift */,
			);
			path = Github_ExerciseUITests;
			sourceTree = "<group>";
		};
/* End PBXGroup section */

/* Begin PBXNativeTarget section */
		B171FCC8298700DA00AD54B7 /* Github_Exercise */ = {
			isa = PBXNativeTarget;
			buildConfigurationList = B171FCED298700DD00AD54B7 /* Build configuration list for PBXNativeTarget "Github_Exercise" */;
			buildPhases = (
				B171FCC5298700DA00AD54B7 /* Sources */,
				B171FCC6298700DA00AD54B7 /* Frameworks */,
				B171FCC7298700DA00AD54B7 /* Resources */,
			);
			buildRules = (
			);
			dependencies = (
			);
			name = Github_Exercise;
			productName = Github_Exercise;
			productReference = B171FCC9298700DA00AD54B7 /* Github_Exercise.app */;
			productType = "com.apple.product-type.application";
		};
		B171FCD8298700DD00AD54B7 /* Github_ExerciseTests */ = {
			isa = PBXNativeTarget;
			buildConfigurationList = B171FCF0298700DD00AD54B7 /* Build configuration list for PBXNativeTarget "Github_ExerciseTests" */;
			buildPhases = (
				B171FCD5298700DD00AD54B7 /* Sources */,
				B171FCD6298700DD00AD54B7 /* Frameworks */,
				B171FCD7298700DD00AD54B7 /* Resources */,
			);
			buildRules = (
			);
			dependencies = (
				B171FCDB298700DD00AD54B7 /* PBXTargetDependency */,
			);
			name = Github_ExerciseTests;
			productName = Github_ExerciseTests;
			productReference = B171FCD9298700DD00AD54B7 /* Github_ExerciseTests.xctest */;
			productType = "com.apple.product-type.bundle.unit-test";
		};
		B171FCE2298700DD00AD54B7 /* Github_ExerciseUITests */ = {
			isa = PBXNativeTarget;
			buildConfigurationList = B171FCF3298700DD00AD54B7 /* Build configuration list for PBXNativeTarget "Github_ExerciseUITests" */;
			buildPhases = (
				B171FCDF298700DD00AD54B7 /* Sources */,
				B171FCE0298700DD00AD54B7 /* Frameworks */,
				B171FCE1298700DD00AD54B7 /* Resources */,
			);
			buildRules = (
			);
			dependencies = (
				B171FCE5298700DD00AD54B7 /* PBXTargetDependency */,
			);
			name = Github_ExerciseUITests;
			productName = Github_ExerciseUITests;
			productReference = B171FCE3298700DD00AD54B7 /* Github_ExerciseUITests.xctest */;
			productType = "com.apple.product-type.bundle.ui-testing";
		};
/* End PBXNativeTarget section */

/* Begin PBXProject section */
		B171FCC1298700DA00AD54B7 /* Project object */ = {
			isa = PBXProject;
			attributes = {
				BuildIndependentTargetsInParallel = 1;
				LastSwiftUpdateCheck = 1420;
				LastUpgradeCheck = 1420;
				TargetAttributes = {
					B171FCC8298700DA00AD54B7 = {
						CreatedOnToolsVersion = 14.2;
					};
					B171FCD8298700DD00AD54B7 = {
						CreatedOnToolsVersion = 14.2;
						TestTargetID = B171FCC8298700DA00AD54B7;
					};
					B171FCE2298700DD00AD54B7 = {
						CreatedOnToolsVersion = 14.2;
						TestTargetID = B171FCC8298700DA00AD54B7;
					};
				};
			};
			buildConfigurationList = B171FCC4298700DA00AD54B7 /* Build configuration list for PBXProject "Github_Exercise" */;
			compatibilityVersion = "Xcode 14.0";
			developmentRegion = en;
			hasScannedForEncodings = 0;
			knownRegions = (
				en,
				Base,
			);
			mainGroup = B171FCC0298700DA00AD54B7;
			productRefGroup = B171FCCA298700DA00AD54B7 /* Products */;
			projectDirPath = "";
			projectRoot = "";
			targets = (
				B171FCC8298700DA00AD54B7 /* Github_Exercise */,
				B171FCD8298700DD00AD54B7 /* Github_ExerciseTests */,
				B171FCE2298700DD00AD54B7 /* Github_ExerciseUITests */,
			);
		};
/* End PBXProject section */

/* Begin PBXResourcesBuildPhase section */
		B171FCC7298700DA00AD54B7 /* Resources */ = {
			isa = PBXResourcesBuildPhase;
			buildActionMask = 2147483647;
			files = (
				B171FCD4298700DD00AD54B7 /* Preview Assets.xcassets in Resources */,
				B171FCD1298700DD00AD54B7 /* Assets.xcassets in Resources */,
			);
			runOnlyForDeploymentPostprocessing = 0;
		};
		B171FCD7298700DD00AD54B7 /* Resources */ = {
			isa = PBXResourcesBuildPhase;
			buildActionMask = 2147483647;
			files = (
			);
			runOnlyForDeploymentPostprocessing = 0;
		};
		B171FCE1298700DD00AD54B7 /* Resources */ = {
			isa = PBXResourcesBuildPhase;
			buildActionMask = 2147483647;
			files = (
			);
			runOnlyForDeploymentPostprocessing = 0;
		};
/* End PBXResourcesBuildPhase section */

/* Begin PBXSourcesBuildPhase section */
		B171FCC5298700DA00AD54B7 /* Sources */ = {
			isa = PBXSourcesBuildPhase;
			buildActionMask = 2147483647;
			files = (
				B171FCCF298700DA00AD54B7 /* ContentView.swift in Sources */,
				B171FCCD298700DA00AD54B7 /* Github_ExerciseApp.swift in Sources */,
			);
			runOnlyForDeploymentPostprocessing = 0;
		};
		B171FCD5298700DD00AD54B7 /* Sources */ = {
			isa = PBXSourcesBuildPhase;
			buildActionMask = 2147483647;
			files = (
				B171FCDE298700DD00AD54B7 /* Github_ExerciseTests.swift in Sources */,
			);
			runOnlyForDeploymentPostprocessing = 0;
		};
		B171FCDF298700DD00AD54B7 /* Sources */ = {
			isa = PBXSourcesBuildPhase;
			buildActionMask = 2147483647;
			files = (
				B171FCE8298700DD00AD54B7 /* Github_ExerciseUITests.swift in Sources */,
				B171FCEA298700DD00AD54B7 /* Github_ExerciseUITestsLaunchTests.swift in Sources */,
			);
			runOnlyForDeploymentPostprocessing = 0;
		};
/* End PBXSourcesBuildPhase section */

/* Begin PBXTargetDependency section */
		B171FCDB298700DD00AD54B7 /* PBXTargetDependency */ = {
			isa = PBXTargetDependency;
			target = B171FCC8298700DA00AD54B7 /* Github_Exercise */;
			targetProxy = B171FCDA298700DD00AD54B7 /* PBXContainerItemProxy */;
		};
		B171FCE5298700DD00AD54B7 /* PBXTargetDependency */ = {
			isa = PBXTargetDependency;
			target = B171FCC8298700DA00AD54B7 /* Github_Exercise */;
			targetProxy = B171FCE4298700DD00AD54B7 /* PBXContainerItemProxy */;
		};
/* End PBXTargetDependency section */

/* Begin XCBuildConfiguration section */
		B171FCEB298700DD00AD54B7 /* Debug */ = {
			isa = XCBuildConfiguration;
			buildSettings = {
				ALWAYS_SEARCH_USER_PATHS = NO;
				CLANG_ANALYZER_NONNULL = YES;
				CLANG_ANALYZER_NUMBER_OBJECT_CONVERSION = YES_AGGRESSIVE;
				CLANG_CXX_LANGUAGE_STANDARD = "gnu++20";
				CLANG_ENABLE_MODULES = YES;
				CLANG_ENABLE_OBJC_ARC = YES;
				CLANG_ENABLE_OBJC_WEAK = YES;
				CLANG_WARN_BLOCK_CAPTURE_AUTORELEASING = YES;
				CLANG_WARN_BOOL_CONVERSION = YES;
				CLANG_WARN_COMMA = YES;
				CLANG_WARN_CONSTANT_CONVERSION = YES;
				CLANG_WARN_DEPRECATED_OBJC_IMPLEMENTATIONS = YES;
				CLANG_WARN_DIRECT_OBJC_ISA_USAGE = YES_ERROR;
				CLANG_WARN_DOCUMENTATION_COMMENTS = YES;
				CLANG_WARN_EMPTY_BODY = YES;
				CLANG_WARN_ENUM_CONVERSION = YES;
				CLANG_WARN_INFINITE_RECURSION = YES;
				CLANG_WARN_INT_CONVERSION = YES;
				CLANG_WARN_NON_LITERAL_NULL_CONVERSION = YES;
				CLANG_WARN_OBJC_IMPLICIT_RETAIN_SELF = YES;
				CLANG_WARN_OBJC_LITERAL_CONVERSION = YES;
				CLANG_WARN_OBJC_ROOT_CLASS = YES_ERROR;
				CLANG_WARN_QUOTED_INCLUDE_IN_FRAMEWORK_HEADER = YES;
				CLANG_WARN_RANGE_LOOP_ANALYSIS = YES;
				CLANG_WARN_STRICT_PROTOTYPES = YES;
				CLANG_WARN_SUSPICIOUS_MOVE = YES;
				CLANG_WARN_UNGUARDED_AVAILABILITY = YES_AGGRESSIVE;
				CLANG_WARN_UNREACHABLE_CODE = YES;
				CLANG_WARN__DUPLICATE_METHOD_MATCH = YES;
				COPY_PHASE_STRIP = NO;
				DEBUG_INFORMATION_FORMAT = dwarf;
				ENABLE_STRICT_OBJC_MSGSEND = YES;
				ENABLE_TESTABILITY = YES;
				GCC_C_LANGUAGE_STANDARD = gnu11;
				GCC_DYNAMIC_NO_PIC = NO;
				GCC_NO_COMMON_BLOCKS = YES;
				GCC_OPTIMIZATION_LEVEL = 0;
				GCC_PREPROCESSOR_DEFINITIONS = (
					"DEBUG=1",
					"$(inherited)",
				);
				GCC_WARN_64_TO_32_BIT_CONVERSION = YES;
				GCC_WARN_ABOUT_RETURN_TYPE = YES_ERROR;
				GCC_WARN_UNDECLARED_SELECTOR = YES;
				GCC_WARN_UNINITIALIZED_AUTOS = YES_AGGRESSIVE;
				GCC_WARN_UNUSED_FUNCTION = YES;
				GCC_WARN_UNUSED_VARIABLE = YES;
				IPHONEOS_DEPLOYMENT_TARGET = 16.2;
				MTL_ENABLE_DEBUG_INFO = INCLUDE_SOURCE;
				MTL_FAST_MATH = YES;
				ONLY_ACTIVE_ARCH = YES;
				SDKROOT = iphoneos;
				SWIFT_ACTIVE_COMPILATION_CONDITIONS = DEBUG;
				SWIFT_OPTIMIZATION_LEVEL = "-Onone";
			};
			name = Debug;
		};
		B171FCEC298700DD00AD54B7 /* Release */ = {
			isa = XCBuildConfiguration;
			buildSettings = {
				ALWAYS_SEARCH_USER_PATHS = NO;
				CLANG_ANALYZER_NONNULL = YES;
				CLANG_ANALYZER_NUMBER_OBJECT_CONVERSION = YES_AGGRESSIVE;
				CLANG_CXX_LANGUAGE_STANDARD = "gnu++20";
				CLANG_ENABLE_MODULES = YES;
				CLANG_ENABLE_OBJC_ARC = YES;
				CLANG_ENABLE_OBJC_WEAK = YES;
				CLANG_WARN_BLOCK_CAPTURE_AUTORELEASING = YES;
				CLANG_WARN_BOOL_CONVERSION = YES;
				CLANG_WARN_COMMA = YES;
				CLANG_WARN_CONSTANT_CONVERSION = YES;
				CLANG_WARN_DEPRECATED_OBJC_IMPLEMENTATIONS = YES;
				CLANG_WARN_DIRECT_OBJC_ISA_USAGE = YES_ERROR;
				CLANG_WARN_DOCUMENTATION_COMMENTS = YES;
				CLANG_WARN_EMPTY_BODY = YES;
				CLANG_WARN_ENUM_CONVERSION = YES;
				CLANG_WARN_INFINITE_RECURSION = YES;
				CLANG_WARN_INT_CONVERSION = YES;
				CLANG_WARN_NON_LITERAL_NULL_CONVERSION = YES;
				CLANG_WARN_OBJC_IMPLICIT_RETAIN_SELF = YES;
				CLANG_WARN_OBJC_LITERAL_CONVERSION = YES;
				CLANG_WARN_OBJC_ROOT_CLASS = YES_ERROR;
				CLANG_WARN_QUOTED_INCLUDE_IN_FRAMEWORK_HEADER = YES;
				CLANG_WARN_RANGE_LOOP_ANALYSIS = YES;
				CLANG_WARN_STRICT_PROTOTYPES = YES;
				CLANG_WARN_SUSPICIOUS_MOVE = YES;
				CLANG_WARN_UNGUARDED_AVAILABILITY = YES_AGGRESSIVE;
				CLANG_WARN_UNREACHABLE_CODE = YES;
				CLANG_WARN__DUPLICATE_METHOD_MATCH = YES;
				COPY_PHASE_STRIP = NO;
				DEBUG_INFORMATION_FORMAT = "dwarf-with-dsym";
				ENABLE_NS_ASSERTIONS = NO;
				ENABLE_STRICT_OBJC_MSGSEND = YES;
				GCC_C_LANGUAGE_STANDARD = gnu11;
				GCC_NO_COMMON_BLOCKS = YES;
				GCC_WARN_64_TO_32_BIT_CONVERSION = YES;
				GCC_WARN_ABOUT_RETURN_TYPE = YES_ERROR;
				GCC_WARN_UNDECLARED_SELECTOR = YES;
				GCC_WARN_UNINITIALIZED_AUTOS = YES_AGGRESSIVE;
				GCC_WARN_UNUSED_FUNCTION = YES;
				GCC_WARN_UNUSED_VARIABLE = YES;
				IPHONEOS_DEPLOYMENT_TARGET = 16.2;
				MTL_ENABLE_DEBUG_INFO = NO;
				MTL_FAST_MATH = YES;
				SDKROOT = iphoneos;
				SWIFT_COMPILATION_MODE = wholemodule;
				SWIFT_OPTIMIZATION_LEVEL = "-O";
				VALIDATE_PRODUCT = YES;
			};
			name = Release;
		};
		B171FCEE298700DD00AD54B7 /* Debug */ = {
			isa = XCBuildConfiguration;
			buildSettings = {
				ASSETCATALOG_COMPILER_APPICON_NAME = AppIcon;
				ASSETCATALOG_COMPILER_GLOBAL_ACCENT_COLOR_NAME = AccentColor;
				CODE_SIGN_STYLE = Automatic;
				CURRENT_PROJECT_VERSION = 1;
				DEVELOPMENT_ASSET_PATHS = "\"Github_Exercise/Preview Content\"";
				DEVELOPMENT_TEAM = SA265W8Y35;
				ENABLE_PREVIEWS = YES;
				GENERATE_INFOPLIST_FILE = YES;
				INFOPLIST_KEY_UIApplicationSceneManifest_Generation = YES;
				INFOPLIST_KEY_UIApplicationSupportsIndirectInputEvents = YES;
				INFOPLIST_KEY_UILaunchScreen_Generation = YES;
				INFOPLIST_KEY_UISupportedInterfaceOrientations_iPad = "UIInterfaceOrientationPortrait UIInterfaceOrientationPortraitUpsideDown UIInterfaceOrientationLandscapeLeft UIInterfaceOrientationLandscapeRight";
				INFOPLIST_KEY_UISupportedInterfaceOrientations_iPhone = "UIInterfaceOrientationPortrait UIInterfaceOrientationLandscapeLeft UIInterfaceOrientationLandscapeRight";
				LD_RUNPATH_SEARCH_PATHS = (
					"$(inherited)",
					"@executable_path/Frameworks",
				);
				MARKETING_VERSION = 1.0;
				PRODUCT_BUNDLE_IDENTIFIER = "com.stewart.Github-Exercise";
				PRODUCT_NAME = "$(TARGET_NAME)";
				SWIFT_EMIT_LOC_STRINGS = YES;
				SWIFT_VERSION = 5.0;
				TARGETED_DEVICE_FAMILY = "1,2";
			};
			name = Debug;
		};
		B171FCEF298700DD00AD54B7 /* Release */ = {
			isa = XCBuildConfiguration;
			buildSettings = {
				ASSETCATALOG_COMPILER_APPICON_NAME = AppIcon;
				ASSETCATALOG_COMPILER_GLOBAL_ACCENT_COLOR_NAME = AccentColor;
				CODE_SIGN_STYLE = Automatic;
				CURRENT_PROJECT_VERSION = 1;
				DEVELOPMENT_ASSET_PATHS = "\"Github_Exercise/Preview Content\"";
				DEVELOPMENT_TEAM = SA265W8Y35;
				ENABLE_PREVIEWS = YES;
				GENERATE_INFOPLIST_FILE = YES;
				INFOPLIST_KEY_UIApplicationSceneManifest_Generation = YES;
				INFOPLIST_KEY_UIApplicationSupportsIndirectInputEvents = YES;
				INFOPLIST_KEY_UILaunchScreen_Generation = YES;
				INFOPLIST_KEY_UISupportedInterfaceOrientations_iPad = "UIInterfaceOrientationPortrait UIInterfaceOrientationPortraitUpsideDown UIInterfaceOrientationLandscapeLeft UIInterfaceOrientationLandscapeRight";
				INFOPLIST_KEY_UISupportedInterfaceOrientations_iPhone = "UIInterfaceOrientationPortrait UIInterfaceOrientationLandscapeLeft UIInterfaceOrientationLandscapeRight";
				LD_RUNPATH_SEARCH_PATHS = (
					"$(inherited)",
					"@executable_path/Frameworks",
				);
				MARKETING_VERSION = 1.0;
				PRODUCT_BUNDLE_IDENTIFIER = "com.stewart.Github-Exercise";
				PRODUCT_NAME = "$(TARGET_NAME)";
				SWIFT_EMIT_LOC_STRINGS = YES;
				SWIFT_VERSION = 5.0;
				TARGETED_DEVICE_FAMILY = "1,2";
			};
			name = Release;
		};
		B171FCF1298700DD00AD54B7 /* Debug */ = {
			isa = XCBuildConfiguration;
			buildSettings = {
				ALWAYS_EMBED_SWIFT_STANDARD_LIBRARIES = YES;
				BUNDLE_LOADER = "$(TEST_HOST)";
				CODE_SIGN_STYLE = Automatic;
				CURRENT_PROJECT_VERSION = 1;
				DEVELOPMENT_TEAM = SA265W8Y35;
				GENERATE_INFOPLIST_FILE = YES;
				IPHONEOS_DEPLOYMENT_TARGET = 16.2;
				MARKETING_VERSION = 1.0;
				PRODUCT_BUNDLE_IDENTIFIER = "com.stewart.Github-ExerciseTests";
				PRODUCT_NAME = "$(TARGET_NAME)";
				SWIFT_EMIT_LOC_STRINGS = NO;
				SWIFT_VERSION = 5.0;
				TARGETED_DEVICE_FAMILY = "1,2";
				TEST_HOST = "$(BUILT_PRODUCTS_DIR)/Github_Exercise.app/$(BUNDLE_EXECUTABLE_FOLDER_PATH)/Github_Exercise";
			};
			name = Debug;
		};
		B171FCF2298700DD00AD54B7 /* Release */ = {
			isa = XCBuildConfiguration;
			buildSettings = {
				ALWAYS_EMBED_SWIFT_STANDARD_LIBRARIES = YES;
				BUNDLE_LOADER = "$(TEST_HOST)";
				CODE_SIGN_STYLE = Automatic;
				CURRENT_PROJECT_VERSION = 1;
				DEVELOPMENT_TEAM = SA265W8Y35;
				GENERATE_INFOPLIST_FILE = YES;
				IPHONEOS_DEPLOYMENT_TARGET = 16.2;
				MARKETING_VERSION = 1.0;
				PRODUCT_BUNDLE_IDENTIFIER = "com.stewart.Github-ExerciseTests";
				PRODUCT_NAME = "$(TARGET_NAME)";
				SWIFT_EMIT_LOC_STRINGS = NO;
				SWIFT_VERSION = 5.0;
				TARGETED_DEVICE_FAMILY = "1,2";
				TEST_HOST = "$(BUILT_PRODUCTS_DIR)/Github_Exercise.app/$(BUNDLE_EXECUTABLE_FOLDER_PATH)/Github_Exercise";
			};
			name = Release;
		};
		B171FCF4298700DD00AD54B7 /* Debug */ = {
			isa = XCBuildConfiguration;
			buildSettings = {
				ALWAYS_EMBED_SWIFT_STANDARD_LIBRARIES = YES;
				CODE_SIGN_STYLE = Automatic;
				CURRENT_PROJECT_VERSION = 1;
				DEVELOPMENT_TEAM = SA265W8Y35;
				GENERATE_INFOPLIST_FILE = YES;
				MARKETING_VERSION = 1.0;
				PRODUCT_BUNDLE_IDENTIFIER = "com.stewart.Github-ExerciseUITests";
				PRODUCT_NAME = "$(TARGET_NAME)";
				SWIFT_EMIT_LOC_STRINGS = NO;
				SWIFT_VERSION = 5.0;
				TARGETED_DEVICE_FAMILY = "1,2";
				TEST_TARGET_NAME = Github_Exercise;
			};
			name = Debug;
		};
		B171FCF5298700DD00AD54B7 /* Release */ = {
			isa = XCBuildConfiguration;
			buildSettings = {
				ALWAYS_EMBED_SWIFT_STANDARD_LIBRARIES = YES;
				CODE_SIGN_STYLE = Automatic;
				CURRENT_PROJECT_VERSION = 1;
				DEVELOPMENT_TEAM = SA265W8Y35;
				GENERATE_INFOPLIST_FILE = YES;
				MARKETING_VERSION = 1.0;
				PRODUCT_BUNDLE_IDENTIFIER = "com.stewart.Github-ExerciseUITests";
				PRODUCT_NAME = "$(TARGET_NAME)";
				SWIFT_EMIT_LOC_STRINGS = NO;
				SWIFT_VERSION = 5.0;
				TARGETED_DEVICE_FAMILY = "1,2";
				TEST_TARGET_NAME = Github_Exercise;
			};
			name = Release;
		};
/* End XCBuildConfiguration section */

/* Begin XCConfigurationList section */
		B171FCC4298700DA00AD54B7 /* Build configuration list for PBXProject "Github_Exercise" */ = {
			isa = XCConfigurationList;
			buildConfigurations = (
				B171FCEB298700DD00AD54B7 /* Debug */,
				B171FCEC298700DD00AD54B7 /* Release */,
			);
			defaultConfigurationIsVisible = 0;
			defaultConfigurationName = Release;
		};
		B171FCED298700DD00AD54B7 /* Build configuration list for PBXNativeTarget "Github_Exercise" */ = {
			isa = XCConfigurationList;
			buildConfigurations = (
				B171FCEE298700DD00AD54B7 /* Debug */,
				B171FCEF298700DD00AD54B7 /* Release */,
			);
			defaultConfigurationIsVisible = 0;
			defaultConfigurationName = Release;
		};
		B171FCF0298700DD00AD54B7 /* Build configuration list for PBXNativeTarget "Github_ExerciseTests" */ = {
			isa = XCConfigurationList;
			buildConfigurations = (
				B171FCF1298700DD00AD54B7 /* Debug */,
				B171FCF2298700DD00AD54B7 /* Release */,
			);
			defaultConfigurationIsVisible = 0;
			defaultConfigurationName = Release;
		};
		B171FCF3298700DD00AD54B7 /* Build configuration list for PBXNativeTarget "Github_ExerciseUITests" */ = {
			isa = XCConfigurationList;
			buildConfigurations = (
				B171FCF4298700DD00AD54B7 /* Debug */,
				B171FCF5298700DD00AD54B7 /* Release */,
			);
			defaultConfigurationIsVisible = 0;
			defaultConfigurationName = Release;
		};
/* End XCConfigurationList section */
	};
	rootObject = B171FCC1298700DA00AD54B7 /* Project object */;
}
